
Microsoft Visual Studio Solution File, Format Version 12.00
# Visual Studio Version 17
VisualStudioVersion = 17.2.32526.322
MinimumVisualStudioVersion = 10.0.40219.1
Project("{FAE04EC0-301F-11D3-BF4B-00C04F79EFBC}") = "day5", "day5\day5.csproj", "{BFAC03CA-1CFB-48FA-81A0-E1DE60D7B37A}"
EndProject
Global
	GlobalSection(SolutionConfigurationPlatforms) = preSolution
		Debug|Any CPU = Debug|Any CPU
		Release|Any CPU = Release|Any CPU
	EndGlobalSection
	GlobalSection(ProjectConfigurationPlatforms) = postSolution
		{BFAC03CA-1CFB-48FA-81A0-E1DE60D7B37A}.Debug|Any CPU.ActiveCfg = Debug|Any CPU
		{BFAC03CA-1CFB-48FA-81A0-E1DE60D7B37A}.Debug|Any CPU.Build.0 = Debug|Any CPU
		{BFAC03CA-1CFB-48FA-81A0-E1DE60D7B37A}.Release|Any CPU.ActiveCfg = Release|Any CPU
		{BFAC03CA-1CFB-48FA-81A0-E1DE60D7B37A}.Release|Any CPU.Build.0 = Release|Any CPU
	EndGlobalSection
	GlobalSection(SolutionProperties) = preSolution
		HideSolutionNode = FALSE
	EndGlobalSection
	GlobalSection(ExtensibilityGlobals) = postSolution
		SolutionGuid = {A0B19B13-7E61-4406-B973-CA825715E634}
	EndGlobalSection
EndGlobal
